
Microsoft Visual Studio Solution File, Format Version 11.00
# Visual Studio 2010
Project("{FAE04EC0-301F-11D3-BF4B-00C04F79EFBC}") = "Rhino.ServiceBus.Raven", "Rhino.ServiceBus.Raven\Rhino.ServiceBus.Raven.csproj", "{027D9663-65BE-4B85-8788-712B8542F9F7}"
EndProject
Project("{FAE04EC0-301F-11D3-BF4B-00C04F79EFBC}") = "Rhino.ServiceBus.Raven.Tests", "Rhino.ServiceBus.Raven.Tests\Rhino.ServiceBus.Raven.Tests.csproj", "{02932CF5-7F66-47F0-8D54-C2EFE64D8B91}"
EndProject
Global
	GlobalSection(SolutionConfigurationPlatforms) = preSolution
		Debug|Any CPU = Debug|Any CPU
		Release|Any CPU = Release|Any CPU
	EndGlobalSection
	GlobalSection(ProjectConfigurationPlatforms) = postSolution
		{027D9663-65BE-4B85-8788-712B8542F9F7}.Debug|Any CPU.ActiveCfg = Debug|Any CPU
		{027D9663-65BE-4B85-8788-712B8542F9F7}.Debug|Any CPU.Build.0 = Debug|Any CPU
		{027D9663-65BE-4B85-8788-712B8542F9F7}.Release|Any CPU.ActiveCfg = Release|Any CPU
		{027D9663-65BE-4B85-8788-712B8542F9F7}.Release|Any CPU.Build.0 = Release|Any CPU
		{02932CF5-7F66-47F0-8D54-C2EFE64D8B91}.Debug|Any CPU.ActiveCfg = Debug|Any CPU
		{02932CF5-7F66-47F0-8D54-C2EFE64D8B91}.Debug|Any CPU.Build.0 = Debug|Any CPU
		{02932CF5-7F66-47F0-8D54-C2EFE64D8B91}.Release|Any CPU.ActiveCfg = Release|Any CPU
		{02932CF5-7F66-47F0-8D54-C2EFE64D8B91}.Release|Any CPU.Build.0 = Release|Any CPU
	EndGlobalSection
	GlobalSection(SolutionProperties) = preSolution
		HideSolutionNode = FALSE
	EndGlobalSection
EndGlobal
